
Microsoft Visual Studio Solution File, Format Version 12.00
# Visual Studio Version 17
VisualStudioVersion = 17.0.31903.59
MinimumVisualStudioVersion = 10.0.40219.1
Project("{9A19103F-16F7-4668-BE54-9A1E7A4F7556}") = "LRW", "LRW.Core\LRW.csproj", "{B0EC967A-6C96-4C97-AEB4-882427D26F9D}"
EndProject
Project("{FAE04EC0-301F-11D3-BF4B-00C04F79EFBC}") = "LRW.Tests", "LRW.Tests\LRW.Tests.csproj", "{118FC238-FD0B-46F6-8E38-232E2EF55E22}"
EndProject
Global
	GlobalSection(SolutionConfigurationPlatforms) = preSolution
		Debug|Any CPU = Debug|Any CPU
		Release|Any CPU = Release|Any CPU
	EndGlobalSection
	GlobalSection(ProjectConfigurationPlatforms) = postSolution
		{B0EC967A-6C96-4C97-AEB4-882427D26F9D}.Debug|Any CPU.ActiveCfg = Debug|Any CPU
		{B0EC967A-6C96-4C97-AEB4-882427D26F9D}.Debug|Any CPU.Build.0 = Debug|Any CPU
		{B0EC967A-6C96-4C97-AEB4-882427D26F9D}.Release|Any CPU.ActiveCfg = Release|Any CPU
		{B0EC967A-6C96-4C97-AEB4-882427D26F9D}.Release|Any CPU.Build.0 = Release|Any CPU
		{118FC238-FD0B-46F6-8E38-232E2EF55E22}.Debug|Any CPU.ActiveCfg = Debug|Any CPU
		{118FC238-FD0B-46F6-8E38-232E2EF55E22}.Debug|Any CPU.Build.0 = Debug|Any CPU
		{118FC238-FD0B-46F6-8E38-232E2EF55E22}.Release|Any CPU.ActiveCfg = Release|Any CPU
		{118FC238-FD0B-46F6-8E38-232E2EF55E22}.Release|Any CPU.Build.0 = Release|Any CPU
	EndGlobalSection
	GlobalSection(SolutionProperties) = preSolution
		HideSolutionNode = FALSE
	EndGlobalSection
	GlobalSection(ExtensibilityGlobals) = postSolution
		SolutionGuid = {12D90409-73BA-4182-8098-68244E13722B}
	EndGlobalSection
EndGlobal
